
Microsoft Visual Studio Solution File, Format Version 12.00
# Visual Studio Version 16
VisualStudioVersion = 16.0.31025.194
MinimumVisualStudioVersion = 10.0.40219.1
Project("{FAE04EC0-301F-11D3-BF4B-00C04F79EFBC}") = "RazorPagesMovies", "RazorPagesMovies.csproj", "{602B39B4-CF5C-4335-8D61-2219512E53BA}"
EndProject
Global
	GlobalSection(SolutionConfigurationPlatforms) = preSolution
		Debug|Any CPU = Debug|Any CPU
		Release|Any CPU = Release|Any CPU
	EndGlobalSection
	GlobalSection(ProjectConfigurationPlatforms) = postSolution
		{602B39B4-CF5C-4335-8D61-2219512E53BA}.Debug|Any CPU.ActiveCfg = Debug|Any CPU
		{602B39B4-CF5C-4335-8D61-2219512E53BA}.Debug|Any CPU.Build.0 = Debug|Any CPU
		{602B39B4-CF5C-4335-8D61-2219512E53BA}.Release|Any CPU.ActiveCfg = Release|Any CPU
		{602B39B4-CF5C-4335-8D61-2219512E53BA}.Release|Any CPU.Build.0 = Release|Any CPU
	EndGlobalSection
	GlobalSection(SolutionProperties) = preSolution
		HideSolutionNode = FALSE
	EndGlobalSection
	GlobalSection(ExtensibilityGlobals) = postSolution
		SolutionGuid = {E74ED0A9-8D07-46B3-9BC4-88BB8EAE7D8A}
	EndGlobalSection
EndGlobal
